// !$*UTF8*$!
{
	archiveVersion = 1;
	classes = {
	};
	objectVersion = 50;
	objects = {

/* Begin PBXBuildFile section */
		1BE1855223CE2CD50024EEBC /* NotificationView.swift in Sources */ = {isa = PBXBuildFile; fileRef = 1BE1854E23CE2CD40024EEBC /* NotificationView.swift */; };
		1BE1855323CE2CD50024EEBC /* LoanView.swift in Sources */ = {isa = PBXBuildFile; fileRef = 1BE1854F23CE2CD40024EEBC /* LoanView.swift */; };
		1BE1855423CE2CD50024EEBC /* MessageView.swift in Sources */ = {isa = PBXBuildFile; fileRef = 1BE1855023CE2CD40024EEBC /* MessageView.swift */; };
		1BE1855523CE2CD50024EEBC /* ProfileView.swift in Sources */ = {isa = PBXBuildFile; fileRef = 1BE1855123CE2CD50024EEBC /* ProfileView.swift */; };
		1BE1855723CE2CF20024EEBC /* AppTabView.swift in Sources */ = {isa = PBXBuildFile; fileRef = 1BE1855623CE2CF20024EEBC /* AppTabView.swift */; };
		F11C100023CE2F8200CF88FF /* AppDelegate.swift in Sources */ = {isa = PBXBuildFile; fileRef = F11C0FFF23CE2F8200CF88FF /* AppDelegate.swift */; };
		F11C100223CE2F8200CF88FF /* SceneDelegate.swift in Sources */ = {isa = PBXBuildFile; fileRef = F11C100123CE2F8200CF88FF /* SceneDelegate.swift */; };
		F11C100623CE2F8400CF88FF /* Assets.xcassets in Resources */ = {isa = PBXBuildFile; fileRef = F11C100523CE2F8400CF88FF /* Assets.xcassets */; };
		F11C100923CE2F8400CF88FF /* Preview Assets.xcassets in Resources */ = {isa = PBXBuildFile; fileRef = F11C100823CE2F8400CF88FF /* Preview Assets.xcassets */; };
		F11C100C23CE2F8400CF88FF /* LaunchScreen.storyboard in Resources */ = {isa = PBXBuildFile; fileRef = F11C100A23CE2F8400CF88FF /* LaunchScreen.storyboard */; };
		F11C101723CE2F8400CF88FF /* BookShareTests.swift in Sources */ = {isa = PBXBuildFile; fileRef = F11C101623CE2F8400CF88FF /* BookShareTests.swift */; };
		F11C102223CE2F8400CF88FF /* BookShareUITests.swift in Sources */ = {isa = PBXBuildFile; fileRef = F11C102123CE2F8400CF88FF /* BookShareUITests.swift */; };
		F11C103123CE321100CF88FF /* Book.swift in Sources */ = {isa = PBXBuildFile; fileRef = F11C103023CE321100CF88FF /* Book.swift */; };
		F11C103623CE35E500CF88FF /* BookContentView.swift in Sources */ = {isa = PBXBuildFile; fileRef = F11C103523CE35E500CF88FF /* BookContentView.swift */; };
		F11C103823CE360900CF88FF /* BookListView.swift in Sources */ = {isa = PBXBuildFile; fileRef = F11C103723CE360900CF88FF /* BookListView.swift */; };
		F11C103A23CE361A00CF88FF /* BookDetailsView.swift in Sources */ = {isa = PBXBuildFile; fileRef = F11C103923CE361A00CF88FF /* BookDetailsView.swift */; };
/* End PBXBuildFile section */

/* Begin PBXContainerItemProxy section */
		F11C101323CE2F8400CF88FF /* PBXContainerItemProxy */ = {
			isa = PBXContainerItemProxy;
			containerPortal = F11C0FF423CE2F8200CF88FF /* Project object */;
			proxyType = 1;
			remoteGlobalIDString = F11C0FFB23CE2F8200CF88FF;
			remoteInfo = BookShare;
		};
		F11C101E23CE2F8400CF88FF /* PBXContainerItemProxy */ = {
			isa = PBXContainerItemProxy;
			containerPortal = F11C0FF423CE2F8200CF88FF /* Project object */;
			proxyType = 1;
			remoteGlobalIDString = F11C0FFB23CE2F8200CF88FF;
			remoteInfo = BookShare;
		};
/* End PBXContainerItemProxy section */

/* Begin PBXFileReference section */
		1BE1854E23CE2CD40024EEBC /* NotificationView.swift */ = {isa = PBXFileReference; fileEncoding = 4; lastKnownFileType = sourcecode.swift; path = NotificationView.swift; sourceTree = "<group>"; };
		1BE1854F23CE2CD40024EEBC /* LoanView.swift */ = {isa = PBXFileReference; fileEncoding = 4; lastKnownFileType = sourcecode.swift; path = LoanView.swift; sourceTree = "<group>"; };
		1BE1855023CE2CD40024EEBC /* MessageView.swift */ = {isa = PBXFileReference; fileEncoding = 4; lastKnownFileType = sourcecode.swift; path = MessageView.swift; sourceTree = "<group>"; };
		1BE1855123CE2CD50024EEBC /* ProfileView.swift */ = {isa = PBXFileReference; fileEncoding = 4; lastKnownFileType = sourcecode.swift; path = ProfileView.swift; sourceTree = "<group>"; };
		1BE1855623CE2CF20024EEBC /* AppTabView.swift */ = {isa = PBXFileReference; fileEncoding = 4; lastKnownFileType = sourcecode.swift; path = AppTabView.swift; sourceTree = "<group>"; };
		F11C0FFC23CE2F8200CF88FF /* BookShare.app */ = {isa = PBXFileReference; explicitFileType = wrapper.application; includeInIndex = 0; path = BookShare.app; sourceTree = BUILT_PRODUCTS_DIR; };
		F11C0FFF23CE2F8200CF88FF /* AppDelegate.swift */ = {isa = PBXFileReference; lastKnownFileType = sourcecode.swift; path = AppDelegate.swift; sourceTree = "<group>"; };
		F11C100123CE2F8200CF88FF /* SceneDelegate.swift */ = {isa = PBXFileReference; lastKnownFileType = sourcecode.swift; path = SceneDelegate.swift; sourceTree = "<group>"; };
		F11C100523CE2F8400CF88FF /* Assets.xcassets */ = {isa = PBXFileReference; lastKnownFileType = folder.assetcatalog; path = Assets.xcassets; sourceTree = "<group>"; };
		F11C100823CE2F8400CF88FF /* Preview Assets.xcassets */ = {isa = PBXFileReference; lastKnownFileType = folder.assetcatalog; path = "Preview Assets.xcassets"; sourceTree = "<group>"; };
		F11C100B23CE2F8400CF88FF /* Base */ = {isa = PBXFileReference; lastKnownFileType = file.storyboard; name = Base; path = Base.lproj/LaunchScreen.storyboard; sourceTree = "<group>"; };
		F11C100D23CE2F8400CF88FF /* Info.plist */ = {isa = PBXFileReference; lastKnownFileType = text.plist.xml; path = Info.plist; sourceTree = "<group>"; };
		F11C101223CE2F8400CF88FF /* BookShareTests.xctest */ = {isa = PBXFileReference; explicitFileType = wrapper.cfbundle; includeInIndex = 0; path = BookShareTests.xctest; sourceTree = BUILT_PRODUCTS_DIR; };
		F11C101623CE2F8400CF88FF /* BookShareTests.swift */ = {isa = PBXFileReference; lastKnownFileType = sourcecode.swift; path = BookShareTests.swift; sourceTree = "<group>"; };
		F11C101823CE2F8400CF88FF /* Info.plist */ = {isa = PBXFileReference; lastKnownFileType = text.plist.xml; path = Info.plist; sourceTree = "<group>"; };
		F11C101D23CE2F8400CF88FF /* BookShareUITests.xctest */ = {isa = PBXFileReference; explicitFileType = wrapper.cfbundle; includeInIndex = 0; path = BookShareUITests.xctest; sourceTree = BUILT_PRODUCTS_DIR; };
		F11C102123CE2F8400CF88FF /* BookShareUITests.swift */ = {isa = PBXFileReference; lastKnownFileType = sourcecode.swift; path = BookShareUITests.swift; sourceTree = "<group>"; };
		F11C102323CE2F8400CF88FF /* Info.plist */ = {isa = PBXFileReference; lastKnownFileType = text.plist.xml; path = Info.plist; sourceTree = "<group>"; };
		F11C103023CE321100CF88FF /* Book.swift */ = {isa = PBXFileReference; lastKnownFileType = sourcecode.swift; path = Book.swift; sourceTree = "<group>"; };
		F11C103523CE35E500CF88FF /* BookContentView.swift */ = {isa = PBXFileReference; lastKnownFileType = sourcecode.swift; path = BookContentView.swift; sourceTree = "<group>"; };
		F11C103723CE360900CF88FF /* BookListView.swift */ = {isa = PBXFileReference; lastKnownFileType = sourcecode.swift; path = BookListView.swift; sourceTree = "<group>"; };
		F11C103923CE361A00CF88FF /* BookDetailsView.swift */ = {isa = PBXFileReference; lastKnownFileType = sourcecode.swift; path = BookDetailsView.swift; sourceTree = "<group>"; };
/* End PBXFileReference section */

/* Begin PBXFrameworksBuildPhase section */
		F11C0FF923CE2F8200CF88FF /* Frameworks */ = {
			isa = PBXFrameworksBuildPhase;
			buildActionMask = 2147483647;
			files = (
			);
			runOnlyForDeploymentPostprocessing = 0;
		};
		F11C100F23CE2F8400CF88FF /* Frameworks */ = {
			isa = PBXFrameworksBuildPhase;
			buildActionMask = 2147483647;
			files = (
			);
			runOnlyForDeploymentPostprocessing = 0;
		};
		F11C101A23CE2F8400CF88FF /* Frameworks */ = {
			isa = PBXFrameworksBuildPhase;
			buildActionMask = 2147483647;
			files = (
			);
			runOnlyForDeploymentPostprocessing = 0;
		};
/* End PBXFrameworksBuildPhase section */

/* Begin PBXGroup section */
		F11C0FF323CE2F8200CF88FF = {
			isa = PBXGroup;
			children = (
				F11C0FFE23CE2F8200CF88FF /* BookShare */,
				F11C101523CE2F8400CF88FF /* BookShareTests */,
				F11C102023CE2F8400CF88FF /* BookShareUITests */,
				F11C0FFD23CE2F8200CF88FF /* Products */,
			);
			sourceTree = "<group>";
		};
		F11C0FFD23CE2F8200CF88FF /* Products */ = {
			isa = PBXGroup;
			children = (
				F11C0FFC23CE2F8200CF88FF /* BookShare.app */,
				F11C101223CE2F8400CF88FF /* BookShareTests.xctest */,
				F11C101D23CE2F8400CF88FF /* BookShareUITests.xctest */,
			);
			name = Products;
			sourceTree = "<group>";
		};
		F11C0FFE23CE2F8200CF88FF /* BookShare */ = {
			isa = PBXGroup;
			children = (
				F11C103223CE34BA00CF88FF /* View */,
				F11C102F23CE31EB00CF88FF /* Class */,
				F11C0FFF23CE2F8200CF88FF /* AppDelegate.swift */,
				F11C100123CE2F8200CF88FF /* SceneDelegate.swift */,
				1BE1855623CE2CF20024EEBC /* AppTabView.swift */,
				F11C100523CE2F8400CF88FF /* Assets.xcassets */,
				F11C100A23CE2F8400CF88FF /* LaunchScreen.storyboard */,
				F11C100D23CE2F8400CF88FF /* Info.plist */,
				F11C100723CE2F8400CF88FF /* Preview Content */,
			);
			path = BookShare;
			sourceTree = "<group>";
		};
		F11C100723CE2F8400CF88FF /* Preview Content */ = {
			isa = PBXGroup;
			children = (
				F11C100823CE2F8400CF88FF /* Preview Assets.xcassets */,
			);
			path = "Preview Content";
			sourceTree = "<group>";
		};
		F11C101523CE2F8400CF88FF /* BookShareTests */ = {
			isa = PBXGroup;
			children = (
				F11C101623CE2F8400CF88FF /* BookShareTests.swift */,
				F11C101823CE2F8400CF88FF /* Info.plist */,
			);
			path = BookShareTests;
			sourceTree = "<group>";
		};
		F11C102023CE2F8400CF88FF /* BookShareUITests */ = {
			isa = PBXGroup;
			children = (
				F11C102123CE2F8400CF88FF /* BookShareUITests.swift */,
				F11C102323CE2F8400CF88FF /* Info.plist */,
			);
			path = BookShareUITests;
			sourceTree = "<group>";
		};
		F11C102F23CE31EB00CF88FF /* Class */ = {
			isa = PBXGroup;
			children = (
				F11C103023CE321100CF88FF /* Book.swift */,
			);
			path = Class;
			sourceTree = "<group>";
		};
		F11C103223CE34BA00CF88FF /* View */ = {
			isa = PBXGroup;
			children = (
				1BE1854F23CE2CD40024EEBC /* LoanView.swift */,
				1BE1855023CE2CD40024EEBC /* MessageView.swift */,
				1BE1854E23CE2CD40024EEBC /* NotificationView.swift */,
				1BE1855123CE2CD50024EEBC /* ProfileView.swift */,
				F11C103523CE35E500CF88FF /* BookContentView.swift */,
				F11C103723CE360900CF88FF /* BookListView.swift */,
				F11C103923CE361A00CF88FF /* BookDetailsView.swift */,
			);
			path = View;
			sourceTree = "<group>";
		};
/* End PBXGroup section */

/* Begin PBXNativeTarget section */
		F11C0FFB23CE2F8200CF88FF /* BookShare */ = {
			isa = PBXNativeTarget;
			buildConfigurationList = F11C102623CE2F8400CF88FF /* Build configuration list for PBXNativeTarget "BookShare" */;
			buildPhases = (
				F11C0FF823CE2F8200CF88FF /* Sources */,
				F11C0FF923CE2F8200CF88FF /* Frameworks */,
				F11C0FFA23CE2F8200CF88FF /* Resources */,
			);
			buildRules = (
			);
			dependencies = (
			);
			name = BookShare;
			productName = BookShare;
			productReference = F11C0FFC23CE2F8200CF88FF /* BookShare.app */;
			productType = "com.apple.product-type.application";
		};
		F11C101123CE2F8400CF88FF /* BookShareTests */ = {
			isa = PBXNativeTarget;
			buildConfigurationList = F11C102923CE2F8400CF88FF /* Build configuration list for PBXNativeTarget "BookShareTests" */;
			buildPhases = (
				F11C100E23CE2F8400CF88FF /* Sources */,
				F11C100F23CE2F8400CF88FF /* Frameworks */,
				F11C101023CE2F8400CF88FF /* Resources */,
			);
			buildRules = (
			);
			dependencies = (
				F11C101423CE2F8400CF88FF /* PBXTargetDependency */,
			);
			name = BookShareTests;
			productName = BookShareTests;
			productReference = F11C101223CE2F8400CF88FF /* BookShareTests.xctest */;
			productType = "com.apple.product-type.bundle.unit-test";
		};
		F11C101C23CE2F8400CF88FF /* BookShareUITests */ = {
			isa = PBXNativeTarget;
			buildConfigurationList = F11C102C23CE2F8400CF88FF /* Build configuration list for PBXNativeTarget "BookShareUITests" */;
			buildPhases = (
				F11C101923CE2F8400CF88FF /* Sources */,
				F11C101A23CE2F8400CF88FF /* Frameworks */,
				F11C101B23CE2F8400CF88FF /* Resources */,
			);
			buildRules = (
			);
			dependencies = (
				F11C101F23CE2F8400CF88FF /* PBXTargetDependency */,
			);
			name = BookShareUITests;
			productName = BookShareUITests;
			productReference = F11C101D23CE2F8400CF88FF /* BookShareUITests.xctest */;
			productType = "com.apple.product-type.bundle.ui-testing";
		};
/* End PBXNativeTarget section */

/* Begin PBXProject section */
		F11C0FF423CE2F8200CF88FF /* Project object */ = {
			isa = PBXProject;
			attributes = {
				LastSwiftUpdateCheck = 1130;
				LastUpgradeCheck = 1130;
				ORGANIZATIONNAME = "Vinícius Schuck";
				TargetAttributes = {
					F11C0FFB23CE2F8200CF88FF = {
						CreatedOnToolsVersion = 11.3;
					};
					F11C101123CE2F8400CF88FF = {
						CreatedOnToolsVersion = 11.3;
						TestTargetID = F11C0FFB23CE2F8200CF88FF;
					};
					F11C101C23CE2F8400CF88FF = {
						CreatedOnToolsVersion = 11.3;
						TestTargetID = F11C0FFB23CE2F8200CF88FF;
					};
				};
			};
			buildConfigurationList = F11C0FF723CE2F8200CF88FF /* Build configuration list for PBXProject "BookShare" */;
			compatibilityVersion = "Xcode 9.3";
			developmentRegion = en;
			hasScannedForEncodings = 0;
			knownRegions = (
				en,
				Base,
			);
			mainGroup = F11C0FF323CE2F8200CF88FF;
			productRefGroup = F11C0FFD23CE2F8200CF88FF /* Products */;
			projectDirPath = "";
			projectRoot = "";
			targets = (
				F11C0FFB23CE2F8200CF88FF /* BookShare */,
				F11C101123CE2F8400CF88FF /* BookShareTests */,
				F11C101C23CE2F8400CF88FF /* BookShareUITests */,
			);
		};
/* End PBXProject section */

/* Begin PBXResourcesBuildPhase section */
		F11C0FFA23CE2F8200CF88FF /* Resources */ = {
			isa = PBXResourcesBuildPhase;
			buildActionMask = 2147483647;
			files = (
				F11C100C23CE2F8400CF88FF /* LaunchScreen.storyboard in Resources */,
				F11C100923CE2F8400CF88FF /* Preview Assets.xcassets in Resources */,
				F11C100623CE2F8400CF88FF /* Assets.xcassets in Resources */,
			);
			runOnlyForDeploymentPostprocessing = 0;
		};
		F11C101023CE2F8400CF88FF /* Resources */ = {
			isa = PBXResourcesBuildPhase;
			buildActionMask = 2147483647;
			files = (
			);
			runOnlyForDeploymentPostprocessing = 0;
		};
		F11C101B23CE2F8400CF88FF /* Resources */ = {
			isa = PBXResourcesBuildPhase;
			buildActionMask = 2147483647;
			files = (
			);
			runOnlyForDeploymentPostprocessing = 0;
		};
/* End PBXResourcesBuildPhase section */

/* Begin PBXSourcesBuildPhase section */
		F11C0FF823CE2F8200CF88FF /* Sources */ = {
			isa = PBXSourcesBuildPhase;
			buildActionMask = 2147483647;
			files = (
				F11C103123CE321100CF88FF /* Book.swift in Sources */,
				F11C103A23CE361A00CF88FF /* BookDetailsView.swift in Sources */,
				1BE1855323CE2CD50024EEBC /* LoanView.swift in Sources */,
				F11C103823CE360900CF88FF /* BookListView.swift in Sources */,
				1BE1855423CE2CD50024EEBC /* MessageView.swift in Sources */,
				1BE1855223CE2CD50024EEBC /* NotificationView.swift in Sources */,
				1BE1855723CE2CF20024EEBC /* AppTabView.swift in Sources */,
				F11C103623CE35E500CF88FF /* BookContentView.swift in Sources */,
				F11C100023CE2F8200CF88FF /* AppDelegate.swift in Sources */,
				F11C100223CE2F8200CF88FF /* SceneDelegate.swift in Sources */,
				1BE1855523CE2CD50024EEBC /* ProfileView.swift in Sources */,
			);
			runOnlyForDeploymentPostprocessing = 0;
		};
		F11C100E23CE2F8400CF88FF /* Sources */ = {
			isa = PBXSourcesBuildPhase;
			buildActionMask = 2147483647;
			files = (
				F11C101723CE2F8400CF88FF /* BookShareTests.swift in Sources */,
			);
			runOnlyForDeploymentPostprocessing = 0;
		};
		F11C101923CE2F8400CF88FF /* Sources */ = {
			isa = PBXSourcesBuildPhase;
			buildActionMask = 2147483647;
			files = (
				F11C102223CE2F8400CF88FF /* BookShareUITests.swift in Sources */,
			);
			runOnlyForDeploymentPostprocessing = 0;
		};
/* End PBXSourcesBuildPhase section */

/* Begin PBXTargetDependency section */
		F11C101423CE2F8400CF88FF /* PBXTargetDependency */ = {
			isa = PBXTargetDependency;
			target = F11C0FFB23CE2F8200CF88FF /* BookShare */;
			targetProxy = F11C101323CE2F8400CF88FF /* PBXContainerItemProxy */;
		};
		F11C101F23CE2F8400CF88FF /* PBXTargetDependency */ = {
			isa = PBXTargetDependency;
			target = F11C0FFB23CE2F8200CF88FF /* BookShare */;
			targetProxy = F11C101E23CE2F8400CF88FF /* PBXContainerItemProxy */;
		};
/* End PBXTargetDependency section */

/* Begin PBXVariantGroup section */
		F11C100A23CE2F8400CF88FF /* LaunchScreen.storyboard */ = {
			isa = PBXVariantGroup;
			children = (
				F11C100B23CE2F8400CF88FF /* Base */,
			);
			name = LaunchScreen.storyboard;
			sourceTree = "<group>";
		};
/* End PBXVariantGroup section */

/* Begin XCBuildConfiguration section */
		F11C102423CE2F8400CF88FF /* Debug */ = {
			isa = XCBuildConfiguration;
			buildSettings = {
				ALWAYS_SEARCH_USER_PATHS = NO;
				CLANG_ANALYZER_NONNULL = YES;
				CLANG_ANALYZER_NUMBER_OBJECT_CONVERSION = YES_AGGRESSIVE;
				CLANG_CXX_LANGUAGE_STANDARD = "gnu++14";
				CLANG_CXX_LIBRARY = "libc++";
				CLANG_ENABLE_MODULES = YES;
				CLANG_ENABLE_OBJC_ARC = YES;
				CLANG_ENABLE_OBJC_WEAK = YES;
				CLANG_WARN_BLOCK_CAPTURE_AUTORELEASING = YES;
				CLANG_WARN_BOOL_CONVERSION = YES;
				CLANG_WARN_COMMA = YES;
				CLANG_WARN_CONSTANT_CONVERSION = YES;
				CLANG_WARN_DEPRECATED_OBJC_IMPLEMENTATIONS = YES;
				CLANG_WARN_DIRECT_OBJC_ISA_USAGE = YES_ERROR;
				CLANG_WARN_DOCUMENTATION_COMMENTS = YES;
				CLANG_WARN_EMPTY_BODY = YES;
				CLANG_WARN_ENUM_CONVERSION = YES;
				CLANG_WARN_INFINITE_RECURSION = YES;
				CLANG_WARN_INT_CONVERSION = YES;
				CLANG_WARN_NON_LITERAL_NULL_CONVERSION = YES;
				CLANG_WARN_OBJC_IMPLICIT_RETAIN_SELF = YES;
				CLANG_WARN_OBJC_LITERAL_CONVERSION = YES;
				CLANG_WARN_OBJC_ROOT_CLASS = YES_ERROR;
				CLANG_WARN_RANGE_LOOP_ANALYSIS = YES;
				CLANG_WARN_STRICT_PROTOTYPES = YES;
				CLANG_WARN_SUSPICIOUS_MOVE = YES;
				CLANG_WARN_UNGUARDED_AVAILABILITY = YES_AGGRESSIVE;
				CLANG_WARN_UNREACHABLE_CODE = YES;
				CLANG_WARN__DUPLICATE_METHOD_MATCH = YES;
				COPY_PHASE_STRIP = NO;
				DEBUG_INFORMATION_FORMAT = dwarf;
				ENABLE_STRICT_OBJC_MSGSEND = YES;
				ENABLE_TESTABILITY = YES;
				GCC_C_LANGUAGE_STANDARD = gnu11;
				GCC_DYNAMIC_NO_PIC = NO;
				GCC_NO_COMMON_BLOCKS = YES;
				GCC_OPTIMIZATION_LEVEL = 0;
				GCC_PREPROCESSOR_DEFINITIONS = (
					"DEBUG=1",
					"$(inherited)",
				);
				GCC_WARN_64_TO_32_BIT_CONVERSION = YES;
				GCC_WARN_ABOUT_RETURN_TYPE = YES_ERROR;
				GCC_WARN_UNDECLARED_SELECTOR = YES;
				GCC_WARN_UNINITIALIZED_AUTOS = YES_AGGRESSIVE;
				GCC_WARN_UNUSED_FUNCTION = YES;
				GCC_WARN_UNUSED_VARIABLE = YES;
				IPHONEOS_DEPLOYMENT_TARGET = 13.2;
				MTL_ENABLE_DEBUG_INFO = INCLUDE_SOURCE;
				MTL_FAST_MATH = YES;
				ONLY_ACTIVE_ARCH = YES;
				SDKROOT = iphoneos;
				SWIFT_ACTIVE_COMPILATION_CONDITIONS = DEBUG;
				SWIFT_OPTIMIZATION_LEVEL = "-Onone";
			};
			name = Debug;
		};
		F11C102523CE2F8400CF88FF /* Release */ = {
			isa = XCBuildConfiguration;
			buildSettings = {
				ALWAYS_SEARCH_USER_PATHS = NO;
				CLANG_ANALYZER_NONNULL = YES;
				CLANG_ANALYZER_NUMBER_OBJECT_CONVERSION = YES_AGGRESSIVE;
				CLANG_CXX_LANGUAGE_STANDARD = "gnu++14";
				CLANG_CXX_LIBRARY = "libc++";
				CLANG_ENABLE_MODULES = YES;
				CLANG_ENABLE_OBJC_ARC = YES;
				CLANG_ENABLE_OBJC_WEAK = YES;
				CLANG_WARN_BLOCK_CAPTURE_AUTORELEASING = YES;
				CLANG_WARN_BOOL_CONVERSION = YES;
				CLANG_WARN_COMMA = YES;
				CLANG_WARN_CONSTANT_CONVERSION = YES;
				CLANG_WARN_DEPRECATED_OBJC_IMPLEMENTATIONS = YES;
				CLANG_WARN_DIRECT_OBJC_ISA_USAGE = YES_ERROR;
				CLANG_WARN_DOCUMENTATION_COMMENTS = YES;
				CLANG_WARN_EMPTY_BODY = YES;
				CLANG_WARN_ENUM_CONVERSION = YES;
				CLANG_WARN_INFINITE_RECURSION = YES;
				CLANG_WARN_INT_CONVERSION = YES;
				CLANG_WARN_NON_LITERAL_NULL_CONVERSION = YES;
				CLANG_WARN_OBJC_IMPLICIT_RETAIN_SELF = YES;
				CLANG_WARN_OBJC_LITERAL_CONVERSION = YES;
				CLANG_WARN_OBJC_ROOT_CLASS = YES_ERROR;
				CLANG_WARN_RANGE_LOOP_ANALYSIS = YES;
				CLANG_WARN_STRICT_PROTOTYPES = YES;
				CLANG_WARN_SUSPICIOUS_MOVE = YES;
				CLANG_WARN_UNGUARDED_AVAILABILITY = YES_AGGRESSIVE;
				CLANG_WARN_UNREACHABLE_CODE = YES;
				CLANG_WARN__DUPLICATE_METHOD_MATCH = YES;
				COPY_PHASE_STRIP = NO;
				DEBUG_INFORMATION_FORMAT = "dwarf-with-dsym";
				ENABLE_NS_ASSERTIONS = NO;
				ENABLE_STRICT_OBJC_MSGSEND = YES;
				GCC_C_LANGUAGE_STANDARD = gnu11;
				GCC_NO_COMMON_BLOCKS = YES;
				GCC_WARN_64_TO_32_BIT_CONVERSION = YES;
				GCC_WARN_ABOUT_RETURN_TYPE = YES_ERROR;
				GCC_WARN_UNDECLARED_SELECTOR = YES;
				GCC_WARN_UNINITIALIZED_AUTOS = YES_AGGRESSIVE;
				GCC_WARN_UNUSED_FUNCTION = YES;
				GCC_WARN_UNUSED_VARIABLE = YES;
				IPHONEOS_DEPLOYMENT_TARGET = 13.2;
				MTL_ENABLE_DEBUG_INFO = NO;
				MTL_FAST_MATH = YES;
				SDKROOT = iphoneos;
				SWIFT_COMPILATION_MODE = wholemodule;
				SWIFT_OPTIMIZATION_LEVEL = "-O";
				VALIDATE_PRODUCT = YES;
			};
			name = Release;
		};
		F11C102723CE2F8400CF88FF /* Debug */ = {
			isa = XCBuildConfiguration;
			buildSettings = {
				ASSETCATALOG_COMPILER_APPICON_NAME = AppIcon;
				CODE_SIGN_STYLE = Automatic;
				DEVELOPMENT_ASSET_PATHS = "\"BookShare/Preview Content\"";
				ENABLE_PREVIEWS = YES;
				INFOPLIST_FILE = BookShare/Info.plist;
				LD_RUNPATH_SEARCH_PATHS = (
					"$(inherited)",
					"@executable_path/Frameworks",
				);
				PRODUCT_BUNDLE_IDENTIFIER = com.developer.BookShare;
				PRODUCT_NAME = "$(TARGET_NAME)";
				SWIFT_VERSION = 5.0;
				TARGETED_DEVICE_FAMILY = "1,2";
			};
			name = Debug;
		};
		F11C102823CE2F8400CF88FF /* Release */ = {
			isa = XCBuildConfiguration;
			buildSettings = {
				ASSETCATALOG_COMPILER_APPICON_NAME = AppIcon;
				CODE_SIGN_STYLE = Automatic;
				DEVELOPMENT_ASSET_PATHS = "\"BookShare/Preview Content\"";
				ENABLE_PREVIEWS = YES;
				INFOPLIST_FILE = BookShare/Info.plist;
				LD_RUNPATH_SEARCH_PATHS = (
					"$(inherited)",
					"@executable_path/Frameworks",
				);
				PRODUCT_BUNDLE_IDENTIFIER = com.developer.BookShare;
				PRODUCT_NAME = "$(TARGET_NAME)";
				SWIFT_VERSION = 5.0;
				TARGETED_DEVICE_FAMILY = "1,2";
			};
			name = Release;
		};
		F11C102A23CE2F8400CF88FF /* Debug */ = {
			isa = XCBuildConfiguration;
			buildSettings = {
				ALWAYS_EMBED_SWIFT_STANDARD_LIBRARIES = YES;
				BUNDLE_LOADER = "$(TEST_HOST)";
				CODE_SIGN_STYLE = Automatic;
				INFOPLIST_FILE = BookShareTests/Info.plist;
				IPHONEOS_DEPLOYMENT_TARGET = 13.2;
				LD_RUNPATH_SEARCH_PATHS = (
					"$(inherited)",
					"@executable_path/Frameworks",
					"@loader_path/Frameworks",
				);
				PRODUCT_BUNDLE_IDENTIFIER = com.developer.BookShareTests;
				PRODUCT_NAME = "$(TARGET_NAME)";
				SWIFT_VERSION = 5.0;
				TARGETED_DEVICE_FAMILY = "1,2";
				TEST_HOST = "$(BUILT_PRODUCTS_DIR)/BookShare.app/BookShare";
			};
			name = Debug;
		};
		F11C102B23CE2F8400CF88FF /* Release */ = {
			isa = XCBuildConfiguration;
			buildSettings = {
				ALWAYS_EMBED_SWIFT_STANDARD_LIBRARIES = YES;
				BUNDLE_LOADER = "$(TEST_HOST)";
				CODE_SIGN_STYLE = Automatic;
				INFOPLIST_FILE = BookShareTests/Info.plist;
				IPHONEOS_DEPLOYMENT_TARGET = 13.2;
				LD_RUNPATH_SEARCH_PATHS = (
					"$(inherited)",
					"@executable_path/Frameworks",
					"@loader_path/Frameworks",
				);
				PRODUCT_BUNDLE_IDENTIFIER = com.developer.BookShareTests;
				PRODUCT_NAME = "$(TARGET_NAME)";
				SWIFT_VERSION = 5.0;
				TARGETED_DEVICE_FAMILY = "1,2";
				TEST_HOST = "$(BUILT_PRODUCTS_DIR)/BookShare.app/BookShare";
			};
			name = Release;
		};
		F11C102D23CE2F8400CF88FF /* Debug */ = {
			isa = XCBuildConfiguration;
			buildSettings = {
				ALWAYS_EMBED_SWIFT_STANDARD_LIBRARIES = YES;
				CODE_SIGN_STYLE = Automatic;
				INFOPLIST_FILE = BookShareUITests/Info.plist;
				LD_RUNPATH_SEARCH_PATHS = (
					"$(inherited)",
					"@executable_path/Frameworks",
					"@loader_path/Frameworks",
				);
				PRODUCT_BUNDLE_IDENTIFIER = com.developer.BookShareUITests;
				PRODUCT_NAME = "$(TARGET_NAME)";
				SWIFT_VERSION = 5.0;
				TARGETED_DEVICE_FAMILY = "1,2";
				TEST_TARGET_NAME = BookShare;
			};
			name = Debug;
		};
		F11C102E23CE2F8400CF88FF /* Release */ = {
			isa = XCBuildConfiguration;
			buildSettings = {
				ALWAYS_EMBED_SWIFT_STANDARD_LIBRARIES = YES;
				CODE_SIGN_STYLE = Automatic;
				INFOPLIST_FILE = BookShareUITests/Info.plist;
				LD_RUNPATH_SEARCH_PATHS = (
					"$(inherited)",
					"@executable_path/Frameworks",
					"@loader_path/Frameworks",
				);
				PRODUCT_BUNDLE_IDENTIFIER = com.developer.BookShareUITests;
				PRODUCT_NAME = "$(TARGET_NAME)";
				SWIFT_VERSION = 5.0;
				TARGETED_DEVICE_FAMILY = "1,2";
				TEST_TARGET_NAME = BookShare;
			};
			name = Release;
		};
/* End XCBuildConfiguration section */

/* Begin XCConfigurationList section */
		F11C0FF723CE2F8200CF88FF /* Build configuration list for PBXProject "BookShare" */ = {
			isa = XCConfigurationList;
			buildConfigurations = (
				F11C102423CE2F8400CF88FF /* Debug */,
				F11C102523CE2F8400CF88FF /* Release */,
			);
			defaultConfigurationIsVisible = 0;
			defaultConfigurationName = Release;
		};
		F11C102623CE2F8400CF88FF /* Build configuration list for PBXNativeTarget "BookShare" */ = {
			isa = XCConfigurationList;
			buildConfigurations = (
				F11C102723CE2F8400CF88FF /* Debug */,
				F11C102823CE2F8400CF88FF /* Release */,
			);
			defaultConfigurationIsVisible = 0;
			defaultConfigurationName = Release;
		};
		F11C102923CE2F8400CF88FF /* Build configuration list for PBXNativeTarget "BookShareTests" */ = {
			isa = XCConfigurationList;
			buildConfigurations = (
				F11C102A23CE2F8400CF88FF /* Debug */,
				F11C102B23CE2F8400CF88FF /* Release */,
			);
			defaultConfigurationIsVisible = 0;
			defaultConfigurationName = Release;
		};
		F11C102C23CE2F8400CF88FF /* Build configuration list for PBXNativeTarget "BookShareUITests" */ = {
			isa = XCConfigurationList;
			buildConfigurations = (
				F11C102D23CE2F8400CF88FF /* Debug */,
				F11C102E23CE2F8400CF88FF /* Release */,
			);
			defaultConfigurationIsVisible = 0;
			defaultConfigurationName = Release;
		};
/* End XCConfigurationList section */
	};
	rootObject = F11C0FF423CE2F8200CF88FF /* Project object */;
}
